
Microsoft Visual Studio Solution File, Format Version 12.00
# Visual Studio Version 17
VisualStudioVersion = 17.4.33205.214
MinimumVisualStudioVersion = 10.0.40219.1
Project("{9A19103F-16F7-4668-BE54-9A1E7A4F7556}") = "WinFormsLibrary1", "WinFormsLibrary1\WinFormsLibrary1.csproj", "{CF85C332-FC8C-49B2-A5FD-57ED3324EAA7}"
EndProject
Project("{9A19103F-16F7-4668-BE54-9A1E7A4F7556}") = "WinFormsApp1", "WinFormsApp1\WinFormsApp1.csproj", "{7EEBC4A1-D52B-4B4E-96A8-1AEAB6C582BA}"
EndProject
Project("{FAE04EC0-301F-11D3-BF4B-00C04F79EFBC}") = "WinFormsApp2", "WinFormsApp2\WinFormsApp2.csproj", "{32736B5D-023A-4BD7-9492-7AD3E870FF3F}"
EndProject
Global
	GlobalSection(SolutionConfigurationPlatforms) = preSolution
		Debug|Any CPU = Debug|Any CPU
		Release|Any CPU = Release|Any CPU
	EndGlobalSection
	GlobalSection(ProjectConfigurationPlatforms) = postSolution
		{CF85C332-FC8C-49B2-A5FD-57ED3324EAA7}.Debug|Any CPU.ActiveCfg = Debug|Any CPU
		{CF85C332-FC8C-49B2-A5FD-57ED3324EAA7}.Debug|Any CPU.Build.0 = Debug|Any CPU
		{CF85C332-FC8C-49B2-A5FD-57ED3324EAA7}.Release|Any CPU.ActiveCfg = Release|Any CPU
		{CF85C332-FC8C-49B2-A5FD-57ED3324EAA7}.Release|Any CPU.Build.0 = Release|Any CPU
		{7EEBC4A1-D52B-4B4E-96A8-1AEAB6C582BA}.Debug|Any CPU.ActiveCfg = Debug|Any CPU
		{7EEBC4A1-D52B-4B4E-96A8-1AEAB6C582BA}.Debug|Any CPU.Build.0 = Debug|Any CPU
		{7EEBC4A1-D52B-4B4E-96A8-1AEAB6C582BA}.Release|Any CPU.ActiveCfg = Release|Any CPU
		{7EEBC4A1-D52B-4B4E-96A8-1AEAB6C582BA}.Release|Any CPU.Build.0 = Release|Any CPU
		{32736B5D-023A-4BD7-9492-7AD3E870FF3F}.Debug|Any CPU.ActiveCfg = Debug|Any CPU
		{32736B5D-023A-4BD7-9492-7AD3E870FF3F}.Debug|Any CPU.Build.0 = Debug|Any CPU
		{32736B5D-023A-4BD7-9492-7AD3E870FF3F}.Release|Any CPU.ActiveCfg = Release|Any CPU
		{32736B5D-023A-4BD7-9492-7AD3E870FF3F}.Release|Any CPU.Build.0 = Release|Any CPU
	EndGlobalSection
	GlobalSection(SolutionProperties) = preSolution
		HideSolutionNode = FALSE
	EndGlobalSection
	GlobalSection(ExtensibilityGlobals) = postSolution
		SolutionGuid = {0FAD6379-1950-4E38-8FE5-B3DF987AC4DD}
	EndGlobalSection
EndGlobal
